// !$*UTF8*$!
{
	archiveVersion = 1;
	classes = {
	};
	objectVersion = 46;
	objects = {

/* Begin PBXBuildFile section */
		C685AB6A1D037A8D0005CC7E /* main.m in Sources */ = {isa = PBXBuildFile; fileRef = C685AB691D037A8D0005CC7E /* main.m */; };
		C685AB6D1D037A8D0005CC7E /* AppDelegate.m in Sources */ = {isa = PBXBuildFile; fileRef = C685AB6C1D037A8D0005CC7E /* AppDelegate.m */; };
		C685AB701D037A8D0005CC7E /* ViewController.m in Sources */ = {isa = PBXBuildFile; fileRef = C685AB6F1D037A8D0005CC7E /* ViewController.m */; };
		C685AB731D037A8D0005CC7E /* Main.storyboard in Resources */ = {isa = PBXBuildFile; fileRef = C685AB711D037A8D0005CC7E /* Main.storyboard */; };
		C685AB751D037A8D0005CC7E /* Assets.xcassets in Resources */ = {isa = PBXBuildFile; fileRef = C685AB741D037A8D0005CC7E /* Assets.xcassets */; };
		C685AB781D037A8D0005CC7E /* LaunchScreen.storyboard in Resources */ = {isa = PBXBuildFile; fileRef = C685AB761D037A8D0005CC7E /* LaunchScreen.storyboard */; };
		C685AB831D037A8D0005CC7E /* CheckyoursTests.m in Sources */ = {isa = PBXBuildFile; fileRef = C685AB821D037A8D0005CC7E /* CheckyoursTests.m */; };
		C685AB8E1D037A8D0005CC7E /* CheckyoursUITests.m in Sources */ = {isa = PBXBuildFile; fileRef = C685AB8D1D037A8D0005CC7E /* CheckyoursUITests.m */; };
/* End PBXBuildFile section */

/* Begin PBXContainerItemProxy section */
		C685AB7F1D037A8D0005CC7E /* PBXContainerItemProxy */ = {
			isa = PBXContainerItemProxy;
			containerPortal = C685AB5D1D037A8D0005CC7E /* Project object */;
			proxyType = 1;
			remoteGlobalIDString = C685AB641D037A8D0005CC7E;
			remoteInfo = Checkyours;
		};
		C685AB8A1D037A8D0005CC7E /* PBXContainerItemProxy */ = {
			isa = PBXContainerItemProxy;
			containerPortal = C685AB5D1D037A8D0005CC7E /* Project object */;
			proxyType = 1;
			remoteGlobalIDString = C685AB641D037A8D0005CC7E;
			remoteInfo = Checkyours;
		};
/* End PBXContainerItemProxy section */

/* Begin PBXFileReference section */
		C685AB651D037A8D0005CC7E /* Checkyours.app */ = {isa = PBXFileReference; explicitFileType = wrapper.application; includeInIndex = 0; path = Checkyours.app; sourceTree = BUILT_PRODUCTS_DIR; };
		C685AB691D037A8D0005CC7E /* main.m */ = {isa = PBXFileReference; lastKnownFileType = sourcecode.c.objc; path = main.m; sourceTree = "<group>"; };
		C685AB6B1D037A8D0005CC7E /* AppDelegate.h */ = {isa = PBXFileReference; lastKnownFileType = sourcecode.c.h; path = AppDelegate.h; sourceTree = "<group>"; };
		C685AB6C1D037A8D0005CC7E /* AppDelegate.m */ = {isa = PBXFileReference; lastKnownFileType = sourcecode.c.objc; path = AppDelegate.m; sourceTree = "<group>"; };
		C685AB6E1D037A8D0005CC7E /* ViewController.h */ = {isa = PBXFileReference; lastKnownFileType = sourcecode.c.h; path = ViewController.h; sourceTree = "<group>"; };
		C685AB6F1D037A8D0005CC7E /* ViewController.m */ = {isa = PBXFileReference; lastKnownFileType = sourcecode.c.objc; path = ViewController.m; sourceTree = "<group>"; };
		C685AB721D037A8D0005CC7E /* Base */ = {isa = PBXFileReference; lastKnownFileType = file.storyboard; name = Base; path = Base.lproj/Main.storyboard; sourceTree = "<group>"; };
		C685AB741D037A8D0005CC7E /* Assets.xcassets */ = {isa = PBXFileReference; lastKnownFileType = folder.assetcatalog; path = Assets.xcassets; sourceTree = "<group>"; };
		C685AB771D037A8D0005CC7E /* Base */ = {isa = PBXFileReference; lastKnownFileType = file.storyboard; name = Base; path = Base.lproj/LaunchScreen.storyboard; sourceTree = "<group>"; };
		C685AB791D037A8D0005CC7E /* Info.plist */ = {isa = PBXFileReference; lastKnownFileType = text.plist.xml; path = Info.plist; sourceTree = "<group>"; };
		C685AB7E1D037A8D0005CC7E /* CheckyoursTests.xctest */ = {isa = PBXFileReference; explicitFileType = wrapper.cfbundle; includeInIndex = 0; path = CheckyoursTests.xctest; sourceTree = BUILT_PRODUCTS_DIR; };
		C685AB821D037A8D0005CC7E /* CheckyoursTests.m */ = {isa = PBXFileReference; lastKnownFileType = sourcecode.c.objc; path = CheckyoursTests.m; sourceTree = "<group>"; };
		C685AB841D037A8D0005CC7E /* Info.plist */ = {isa = PBXFileReference; lastKnownFileType = text.plist.xml; path = Info.plist; sourceTree = "<group>"; };
		C685AB891D037A8D0005CC7E /* CheckyoursUITests.xctest */ = {isa = PBXFileReference; explicitFileType = wrapper.cfbundle; includeInIndex = 0; path = CheckyoursUITests.xctest; sourceTree = BUILT_PRODUCTS_DIR; };
		C685AB8D1D037A8D0005CC7E /* CheckyoursUITests.m */ = {isa = PBXFileReference; lastKnownFileType = sourcecode.c.objc; path = CheckyoursUITests.m; sourceTree = "<group>"; };
		C685AB8F1D037A8D0005CC7E /* Info.plist */ = {isa = PBXFileReference; lastKnownFileType = text.plist.xml; path = Info.plist; sourceTree = "<group>"; };
/* End PBXFileReference section */

/* Begin PBXFrameworksBuildPhase section */
		C685AB621D037A8D0005CC7E /* Frameworks */ = {
			isa = PBXFrameworksBuildPhase;
			buildActionMask = 2147483647;
			files = (
			);
			runOnlyForDeploymentPostprocessing = 0;
		};
		C685AB7B1D037A8D0005CC7E /* Frameworks */ = {
			isa = PBXFrameworksBuildPhase;
			buildActionMask = 2147483647;
			files = (
			);
			runOnlyForDeploymentPostprocessing = 0;
		};
		C685AB861D037A8D0005CC7E /* Frameworks */ = {
			isa = PBXFrameworksBuildPhase;
			buildActionMask = 2147483647;
			files = (
			);
			runOnlyForDeploymentPostprocessing = 0;
		};
/* End PBXFrameworksBuildPhase section */

/* Begin PBXGroup section */
		C685AB5C1D037A8D0005CC7E = {
			isa = PBXGroup;
			children = (
				C685AB671D037A8D0005CC7E /* Checkyours */,
				C685AB811D037A8D0005CC7E /* CheckyoursTests */,
				C685AB8C1D037A8D0005CC7E /* CheckyoursUITests */,
				C685AB661D037A8D0005CC7E /* Products */,
			);
			sourceTree = "<group>";
		};
		C685AB661D037A8D0005CC7E /* Products */ = {
			isa = PBXGroup;
			children = (
				C685AB651D037A8D0005CC7E /* Checkyours.app */,
				C685AB7E1D037A8D0005CC7E /* CheckyoursTests.xctest */,
				C685AB891D037A8D0005CC7E /* CheckyoursUITests.xctest */,
			);
			name = Products;
			sourceTree = "<group>";
		};
		C685AB671D037A8D0005CC7E /* Checkyours */ = {
			isa = PBXGroup;
			children = (
				C685AB6B1D037A8D0005CC7E /* AppDelegate.h */,
				C685AB6C1D037A8D0005CC7E /* AppDelegate.m */,
				C685AB6E1D037A8D0005CC7E /* ViewController.h */,
				C685AB6F1D037A8D0005CC7E /* ViewController.m */,
				C685AB711D037A8D0005CC7E /* Main.storyboard */,
				C685AB741D037A8D0005CC7E /* Assets.xcassets */,
				C685AB761D037A8D0005CC7E /* LaunchScreen.storyboard */,
				C685AB791D037A8D0005CC7E /* Info.plist */,
				C685AB681D037A8D0005CC7E /* Supporting Files */,
			);
			path = Checkyours;
			sourceTree = "<group>";
		};
		C685AB681D037A8D0005CC7E /* Supporting Files */ = {
			isa = PBXGroup;
			children = (
				C685AB691D037A8D0005CC7E /* main.m */,
			);
			name = "Supporting Files";
			sourceTree = "<group>";
		};
		C685AB811D037A8D0005CC7E /* CheckyoursTests */ = {
			isa = PBXGroup;
			children = (
				C685AB821D037A8D0005CC7E /* CheckyoursTests.m */,
				C685AB841D037A8D0005CC7E /* Info.plist */,
			);
			path = CheckyoursTests;
			sourceTree = "<group>";
		};
		C685AB8C1D037A8D0005CC7E /* CheckyoursUITests */ = {
			isa = PBXGroup;
			children = (
				C685AB8D1D037A8D0005CC7E /* CheckyoursUITests.m */,
				C685AB8F1D037A8D0005CC7E /* Info.plist */,
			);
			path = CheckyoursUITests;
			sourceTree = "<group>";
		};
/* End PBXGroup section */

/* Begin PBXNativeTarget section */
		C685AB641D037A8D0005CC7E /* Checkyours */ = {
			isa = PBXNativeTarget;
			buildConfigurationList = C685AB921D037A8D0005CC7E /* Build configuration list for PBXNativeTarget "Checkyours" */;
			buildPhases = (
				C685AB611D037A8D0005CC7E /* Sources */,
				C685AB621D037A8D0005CC7E /* Frameworks */,
				C685AB631D037A8D0005CC7E /* Resources */,
			);
			buildRules = (
			);
			dependencies = (
			);
			name = Checkyours;
			productName = Checkyours;
			productReference = C685AB651D037A8D0005CC7E /* Checkyours.app */;
			productType = "com.apple.product-type.application";
		};
		C685AB7D1D037A8D0005CC7E /* CheckyoursTests */ = {
			isa = PBXNativeTarget;
			buildConfigurationList = C685AB951D037A8D0005CC7E /* Build configuration list for PBXNativeTarget "CheckyoursTests" */;
			buildPhases = (
				C685AB7A1D037A8D0005CC7E /* Sources */,
				C685AB7B1D037A8D0005CC7E /* Frameworks */,
				C685AB7C1D037A8D0005CC7E /* Resources */,
			);
			buildRules = (
			);
			dependencies = (
				C685AB801D037A8D0005CC7E /* PBXTargetDependency */,
			);
			name = CheckyoursTests;
			productName = CheckyoursTests;
			productReference = C685AB7E1D037A8D0005CC7E /* CheckyoursTests.xctest */;
			productType = "com.apple.product-type.bundle.unit-test";
		};
		C685AB881D037A8D0005CC7E /* CheckyoursUITests */ = {
			isa = PBXNativeTarget;
			buildConfigurationList = C685AB981D037A8D0005CC7E /* Build configuration list for PBXNativeTarget "CheckyoursUITests" */;
			buildPhases = (
				C685AB851D037A8D0005CC7E /* Sources */,
				C685AB861D037A8D0005CC7E /* Frameworks */,
				C685AB871D037A8D0005CC7E /* Resources */,
			);
			buildRules = (
			);
			dependencies = (
				C685AB8B1D037A8D0005CC7E /* PBXTargetDependency */,
			);
			name = CheckyoursUITests;
			productName = CheckyoursUITests;
			productReference = C685AB891D037A8D0005CC7E /* CheckyoursUITests.xctest */;
			productType = "com.apple.product-type.bundle.ui-testing";
		};
/* End PBXNativeTarget section */

/* Begin PBXProject section */
		C685AB5D1D037A8D0005CC7E /* Project object */ = {
			isa = PBXProject;
			attributes = {
				LastUpgradeCheck = 0730;
				ORGANIZATIONNAME = "Chris Mitchell";
				TargetAttributes = {
					C685AB641D037A8D0005CC7E = {
						CreatedOnToolsVersion = 7.3.1;
					};
					C685AB7D1D037A8D0005CC7E = {
						CreatedOnToolsVersion = 7.3.1;
						TestTargetID = C685AB641D037A8D0005CC7E;
					};
					C685AB881D037A8D0005CC7E = {
						CreatedOnToolsVersion = 7.3.1;
						TestTargetID = C685AB641D037A8D0005CC7E;
					};
				};
			};
			buildConfigurationList = C685AB601D037A8D0005CC7E /* Build configuration list for PBXProject "Checkyours" */;
			compatibilityVersion = "Xcode 3.2";
			developmentRegion = English;
			hasScannedForEncodings = 0;
			knownRegions = (
				en,
				Base,
			);
			mainGroup = C685AB5C1D037A8D0005CC7E;
			productRefGroup = C685AB661D037A8D0005CC7E /* Products */;
			projectDirPath = "";
			projectRoot = "";
			targets = (
				C685AB641D037A8D0005CC7E /* Checkyours */,
				C685AB7D1D037A8D0005CC7E /* CheckyoursTests */,
				C685AB881D037A8D0005CC7E /* CheckyoursUITests */,
			);
		};
/* End PBXProject section */

/* Begin PBXResourcesBuildPhase section */
		C685AB631D037A8D0005CC7E /* Resources */ = {
			isa = PBXResourcesBuildPhase;
			buildActionMask = 2147483647;
			files = (
				C685AB781D037A8D0005CC7E /* LaunchScreen.storyboard in Resources */,
				C685AB751D037A8D0005CC7E /* Assets.xcassets in Resources */,
				C685AB731D037A8D0005CC7E /* Main.storyboard in Resources */,
			);
			runOnlyForDeploymentPostprocessing = 0;
		};
		C685AB7C1D037A8D0005CC7E /* Resources */ = {
			isa = PBXResourcesBuildPhase;
			buildActionMask = 2147483647;
			files = (
			);
			runOnlyForDeploymentPostprocessing = 0;
		};
		C685AB871D037A8D0005CC7E /* Resources */ = {
			isa = PBXResourcesBuildPhase;
			buildActionMask = 2147483647;
			files = (
			);
			runOnlyForDeploymentPostprocessing = 0;
		};
/* End PBXResourcesBuildPhase section */

/* Begin PBXSourcesBuildPhase section */
		C685AB611D037A8D0005CC7E /* Sources */ = {
			isa = PBXSourcesBuildPhase;
			buildActionMask = 2147483647;
			files = (
				C685AB701D037A8D0005CC7E /* ViewController.m in Sources */,
				C685AB6D1D037A8D0005CC7E /* AppDelegate.m in Sources */,
				C685AB6A1D037A8D0005CC7E /* main.m in Sources */,
			);
			runOnlyForDeploymentPostprocessing = 0;
		};
		C685AB7A1D037A8D0005CC7E /* Sources */ = {
			isa = PBXSourcesBuildPhase;
			buildActionMask = 2147483647;
			files = (
				C685AB831D037A8D0005CC7E /* CheckyoursTests.m in Sources */,
			);
			runOnlyForDeploymentPostprocessing = 0;
		};
		C685AB851D037A8D0005CC7E /* Sources */ = {
			isa = PBXSourcesBuildPhase;
			buildActionMask = 2147483647;
			files = (
				C685AB8E1D037A8D0005CC7E /* CheckyoursUITests.m in Sources */,
			);
			runOnlyForDeploymentPostprocessing = 0;
		};
/* End PBXSourcesBuildPhase section */

/* Begin PBXTargetDependency section */
		C685AB801D037A8D0005CC7E /* PBXTargetDependency */ = {
			isa = PBXTargetDependency;
			target = C685AB641D037A8D0005CC7E /* Checkyours */;
			targetProxy = C685AB7F1D037A8D0005CC7E /* PBXContainerItemProxy */;
		};
		C685AB8B1D037A8D0005CC7E /* PBXTargetDependency */ = {
			isa = PBXTargetDependency;
			target = C685AB641D037A8D0005CC7E /* Checkyours */;
			targetProxy = C685AB8A1D037A8D0005CC7E /* PBXContainerItemProxy */;
		};
/* End PBXTargetDependency section */

/* Begin PBXVariantGroup section */
		C685AB711D037A8D0005CC7E /* Main.storyboard */ = {
			isa = PBXVariantGroup;
			children = (
				C685AB721D037A8D0005CC7E /* Base */,
			);
			name = Main.storyboard;
			sourceTree = "<group>";
		};
		C685AB761D037A8D0005CC7E /* LaunchScreen.storyboard */ = {
			isa = PBXVariantGroup;
			children = (
				C685AB771D037A8D0005CC7E /* Base */,
			);
			name = LaunchScreen.storyboard;
			sourceTree = "<group>";
		};
/* End PBXVariantGroup section */

/* Begin XCBuildConfiguration section */
		C685AB901D037A8D0005CC7E /* Debug */ = {
			isa = XCBuildConfiguration;
			buildSettings = {
				ALWAYS_SEARCH_USER_PATHS = NO;
				CLANG_ANALYZER_NONNULL = YES;
				CLANG_CXX_LANGUAGE_STANDARD = "gnu++0x";
				CLANG_CXX_LIBRARY = "libc++";
				CLANG_ENABLE_MODULES = YES;
				CLANG_ENABLE_OBJC_ARC = YES;
				CLANG_WARN_BOOL_CONVERSION = YES;
				CLANG_WARN_CONSTANT_CONVERSION = YES;
				CLANG_WARN_DIRECT_OBJC_ISA_USAGE = YES_ERROR;
				CLANG_WARN_EMPTY_BODY = YES;
				CLANG_WARN_ENUM_CONVERSION = YES;
				CLANG_WARN_INT_CONVERSION = YES;
				CLANG_WARN_OBJC_ROOT_CLASS = YES_ERROR;
				CLANG_WARN_UNREACHABLE_CODE = YES;
				CLANG_WARN__DUPLICATE_METHOD_MATCH = YES;
				"CODE_SIGN_IDENTITY[sdk=iphoneos*]" = "iPhone Developer";
				COPY_PHASE_STRIP = NO;
				DEBUG_INFORMATION_FORMAT = dwarf;
				ENABLE_STRICT_OBJC_MSGSEND = YES;
				ENABLE_TESTABILITY = YES;
				GCC_C_LANGUAGE_STANDARD = gnu99;
				GCC_DYNAMIC_NO_PIC = NO;
				GCC_NO_COMMON_BLOCKS = YES;
				GCC_OPTIMIZATION_LEVEL = 0;
				GCC_PREPROCESSOR_DEFINITIONS = (
					"DEBUG=1",
					"$(inherited)",
				);
				GCC_WARN_64_TO_32_BIT_CONVERSION = YES;
				GCC_WARN_ABOUT_RETURN_TYPE = YES_ERROR;
				GCC_WARN_UNDECLARED_SELECTOR = YES;
				GCC_WARN_UNINITIALIZED_AUTOS = YES_AGGRESSIVE;
				GCC_WARN_UNUSED_FUNCTION = YES;
				GCC_WARN_UNUSED_VARIABLE = YES;
				IPHONEOS_DEPLOYMENT_TARGET = 9.3;
				MTL_ENABLE_DEBUG_INFO = YES;
				ONLY_ACTIVE_ARCH = YES;
				SDKROOT = iphoneos;
			};
			name = Debug;
		};
		C685AB911D037A8D0005CC7E /* Release */ = {
			isa = XCBuildConfiguration;
			buildSettings = {
				ALWAYS_SEARCH_USER_PATHS = NO;
				CLANG_ANALYZER_NONNULL = YES;
				CLANG_CXX_LANGUAGE_STANDARD = "gnu++0x";
				CLANG_CXX_LIBRARY = "libc++";
				CLANG_ENABLE_MODULES = YES;
				CLANG_ENABLE_OBJC_ARC = YES;
				CLANG_WARN_BOOL_CONVERSION = YES;
				CLANG_WARN_CONSTANT_CONVERSION = YES;
				CLANG_WARN_DIRECT_OBJC_ISA_USAGE = YES_ERROR;
				CLANG_WARN_EMPTY_BODY = YES;
				CLANG_WARN_ENUM_CONVERSION = YES;
				CLANG_WARN_INT_CONVERSION = YES;
				CLANG_WARN_OBJC_ROOT_CLASS = YES_ERROR;
				CLANG_WARN_UNREACHABLE_CODE = YES;
				CLANG_WARN__DUPLICATE_METHOD_MATCH = YES;
				"CODE_SIGN_IDENTITY[sdk=iphoneos*]" = "iPhone Developer";
				COPY_PHASE_STRIP = NO;
				DEBUG_INFORMATION_FORMAT = "dwarf-with-dsym";
				ENABLE_NS_ASSERTIONS = NO;
				ENABLE_STRICT_OBJC_MSGSEND = YES;
				GCC_C_LANGUAGE_STANDARD = gnu99;
				GCC_NO_COMMON_BLOCKS = YES;
				GCC_WARN_64_TO_32_BIT_CONVERSION = YES;
				GCC_WARN_ABOUT_RETURN_TYPE = YES_ERROR;
				GCC_WARN_UNDECLARED_SELECTOR = YES;
				GCC_WARN_UNINITIALIZED_AUTOS = YES_AGGRESSIVE;
				GCC_WARN_UNUSED_FUNCTION = YES;
				GCC_WARN_UNUSED_VARIABLE = YES;
				IPHONEOS_DEPLOYMENT_TARGET = 9.3;
				MTL_ENABLE_DEBUG_INFO = NO;
				SDKROOT = iphoneos;
				VALIDATE_PRODUCT = YES;
			};
			name = Release;
		};
		C685AB931D037A8D0005CC7E /* Debug */ = {
			isa = XCBuildConfiguration;
			buildSettings = {
				ASSETCATALOG_COMPILER_APPICON_NAME = AppIcon;
				INFOPLIST_FILE = Checkyours/Info.plist;
				LD_RUNPATH_SEARCH_PATHS = "$(inherited) @executable_path/Frameworks";
				PRODUCT_BUNDLE_IDENTIFIER = com.vtwo.Checkyours;
				PRODUCT_NAME = "$(TARGET_NAME)";
			};
			name = Debug;
		};
		C685AB941D037A8D0005CC7E /* Release */ = {
			isa = XCBuildConfiguration;
			buildSettings = {
				ASSETCATALOG_COMPILER_APPICON_NAME = AppIcon;
				INFOPLIST_FILE = Checkyours/Info.plist;
				LD_RUNPATH_SEARCH_PATHS = "$(inherited) @executable_path/Frameworks";
				PRODUCT_BUNDLE_IDENTIFIER = com.vtwo.Checkyours;
				PRODUCT_NAME = "$(TARGET_NAME)";
			};
			name = Release;
		};
		C685AB961D037A8D0005CC7E /* Debug */ = {
			isa = XCBuildConfiguration;
			buildSettings = {
				BUNDLE_LOADER = "$(TEST_HOST)";
				INFOPLIST_FILE = CheckyoursTests/Info.plist;
				LD_RUNPATH_SEARCH_PATHS = "$(inherited) @executable_path/Frameworks @loader_path/Frameworks";
				PRODUCT_BUNDLE_IDENTIFIER = com.vtwo.CheckyoursTests;
				PRODUCT_NAME = "$(TARGET_NAME)";
				TEST_HOST = "$(BUILT_PRODUCTS_DIR)/Checkyours.app/Checkyours";
			};
			name = Debug;
		};
		C685AB971D037A8D0005CC7E /* Release */ = {
			isa = XCBuildConfiguration;
			buildSettings = {
				BUNDLE_LOADER = "$(TEST_HOST)";
				INFOPLIST_FILE = CheckyoursTests/Info.plist;
				LD_RUNPATH_SEARCH_PATHS = "$(inherited) @executable_path/Frameworks @loader_path/Frameworks";
				PRODUCT_BUNDLE_IDENTIFIER = com.vtwo.CheckyoursTests;
				PRODUCT_NAME = "$(TARGET_NAME)";
				TEST_HOST = "$(BUILT_PRODUCTS_DIR)/Checkyours.app/Checkyours";
			};
			name = Release;
		};
		C685AB991D037A8D0005CC7E /* Debug */ = {
			isa = XCBuildConfiguration;
			buildSettings = {
				INFOPLIST_FILE = CheckyoursUITests/Info.plist;
				LD_RUNPATH_SEARCH_PATHS = "$(inherited) @executable_path/Frameworks @loader_path/Frameworks";
				PRODUCT_BUNDLE_IDENTIFIER = com.vtwo.CheckyoursUITests;
				PRODUCT_NAME = "$(TARGET_NAME)";
				TEST_TARGET_NAME = Checkyours;
			};
			name = Debug;
		};
		C685AB9A1D037A8D0005CC7E /* Release */ = {
			isa = XCBuildConfiguration;
			buildSettings = {
				INFOPLIST_FILE = CheckyoursUITests/Info.plist;
				LD_RUNPATH_SEARCH_PATHS = "$(inherited) @executable_path/Frameworks @loader_path/Frameworks";
				PRODUCT_BUNDLE_IDENTIFIER = com.vtwo.CheckyoursUITests;
				PRODUCT_NAME = "$(TARGET_NAME)";
				TEST_TARGET_NAME = Checkyours;
			};
			name = Release;
		};
/* End XCBuildConfiguration section */

/* Begin XCConfigurationList section */
		C685AB601D037A8D0005CC7E /* Build configuration list for PBXProject "Checkyours" */ = {
			isa = XCConfigurationList;
			buildConfigurations = (
				C685AB901D037A8D0005CC7E /* Debug */,
				C685AB911D037A8D0005CC7E /* Release */,
			);
			defaultConfigurationIsVisible = 0;
			defaultConfigurationName = Release;
		};
		C685AB921D037A8D0005CC7E /* Build configuration list for PBXNativeTarget "Checkyours" */ = {
			isa = XCConfigurationList;
			buildConfigurations = (
				C685AB931D037A8D0005CC7E /* Debug */,
				C685AB941D037A8D0005CC7E /* Release */,
			);
			defaultConfigurationIsVisible = 0;
		};
		C685AB951D037A8D0005CC7E /* Build configuration list for PBXNativeTarget "CheckyoursTests" */ = {
			isa = XCConfigurationList;
			buildConfigurations = (
				C685AB961D037A8D0005CC7E /* Debug */,
				C685AB971D037A8D0005CC7E /* Release */,
			);
			defaultConfigurationIsVisible = 0;
		};
		C685AB981D037A8D0005CC7E /* Build configuration list for PBXNativeTarget "CheckyoursUITests" */ = {
			isa = XCConfigurationList;
			buildConfigurations = (
				C685AB991D037A8D0005CC7E /* Debug */,
				C685AB9A1D037A8D0005CC7E /* Release */,
			);
			defaultConfigurationIsVisible = 0;
		};
/* End XCConfigurationList section */
	};
	rootObject = C685AB5D1D037A8D0005CC7E /* Project object */;
}
